
Microsoft Visual Studio Solution File, Format Version 12.00
# Visual Studio Version 17
VisualStudioVersion = 17.13.35818.85 d17.13
MinimumVisualStudioVersion = 10.0.40219.1
Project("{FAE04EC0-301F-11D3-BF4B-00C04F79EFBC}") = "Order.Api", "Order\Order.Api.csproj", "{D5B3781C-0AD8-4170-813B-AAAE6065590B}"
EndProject
Project("{FAE04EC0-301F-11D3-BF4B-00C04F79EFBC}") = "Order.Infra", "Order.Infra\Order.Infra.csproj", "{DF850B00-7A57-46B8-A1E4-4B9187ED4124}"
EndProject
Project("{FAE04EC0-301F-11D3-BF4B-00C04F79EFBC}") = "Order.Domain", "Order.Domain\Order.Domain.csproj", "{AAF135DD-63A9-41F4-A388-A8D2B26DD33A}"
EndProject
Project("{FAE04EC0-301F-11D3-BF4B-00C04F79EFBC}") = "Order.Application", "Order.Application\Order.Application.csproj", "{7D507A8A-90C7-4F76-91AD-438112454CA5}"
EndProject
Global
	GlobalSection(SolutionConfigurationPlatforms) = preSolution
		Debug|Any CPU = Debug|Any CPU
		Release|Any CPU = Release|Any CPU
	EndGlobalSection
	GlobalSection(ProjectConfigurationPlatforms) = postSolution
		{D5B3781C-0AD8-4170-813B-AAAE6065590B}.Debug|Any CPU.ActiveCfg = Debug|Any CPU
		{D5B3781C-0AD8-4170-813B-AAAE6065590B}.Debug|Any CPU.Build.0 = Debug|Any CPU
		{D5B3781C-0AD8-4170-813B-AAAE6065590B}.Release|Any CPU.ActiveCfg = Release|Any CPU
		{D5B3781C-0AD8-4170-813B-AAAE6065590B}.Release|Any CPU.Build.0 = Release|Any CPU
		{DF850B00-7A57-46B8-A1E4-4B9187ED4124}.Debug|Any CPU.ActiveCfg = Debug|Any CPU
		{DF850B00-7A57-46B8-A1E4-4B9187ED4124}.Debug|Any CPU.Build.0 = Debug|Any CPU
		{DF850B00-7A57-46B8-A1E4-4B9187ED4124}.Release|Any CPU.ActiveCfg = Release|Any CPU
		{DF850B00-7A57-46B8-A1E4-4B9187ED4124}.Release|Any CPU.Build.0 = Release|Any CPU
		{AAF135DD-63A9-41F4-A388-A8D2B26DD33A}.Debug|Any CPU.ActiveCfg = Debug|Any CPU
		{AAF135DD-63A9-41F4-A388-A8D2B26DD33A}.Debug|Any CPU.Build.0 = Debug|Any CPU
		{AAF135DD-63A9-41F4-A388-A8D2B26DD33A}.Release|Any CPU.ActiveCfg = Release|Any CPU
		{AAF135DD-63A9-41F4-A388-A8D2B26DD33A}.Release|Any CPU.Build.0 = Release|Any CPU
		{7D507A8A-90C7-4F76-91AD-438112454CA5}.Debug|Any CPU.ActiveCfg = Debug|Any CPU
		{7D507A8A-90C7-4F76-91AD-438112454CA5}.Debug|Any CPU.Build.0 = Debug|Any CPU
		{7D507A8A-90C7-4F76-91AD-438112454CA5}.Release|Any CPU.ActiveCfg = Release|Any CPU
		{7D507A8A-90C7-4F76-91AD-438112454CA5}.Release|Any CPU.Build.0 = Release|Any CPU
	EndGlobalSection
	GlobalSection(SolutionProperties) = preSolution
		HideSolutionNode = FALSE
	EndGlobalSection
	GlobalSection(ExtensibilityGlobals) = postSolution
		SolutionGuid = {91180A88-10B1-4E28-9FDC-9ED27FFC4F0F}
	EndGlobalSection
EndGlobal
